{
    "_meta": {
        "hash": {
            "sha256": "3280b1ae5b6c57a2d296437632438190da834edac284f91da89cec2c6a16ba23"
        },
        "pipfile-spec": 6,
        "requires": {
            "python_version": "3.7"
        },
        "sources": [
            {
                "name": "pypi",
                "url": "https://pypi.org/simple",
                "verify_ssl": true
            }
        ]
    },
    "default": {
        "ptvsd": {
            "hashes": [
                "sha256:c9202baa674424188b669885b99b67af980e719e9c794b0fedceedd16156988a",
                "sha256:d1dc149ff6438f667b58bfc6023725a97f8b0907d16f4382fa11c9de3d91c76f",
                "sha256:e1164956cb8932c2c0bd011eb8712f0200590c621b67e1627e068869e4d76d6d"
            ],
            "index": "pypi",
            "version": "==4.1.3"
        },
        "urwid": {
            "hashes": [
                "sha256:644d3e3900867161a2fc9287a9762753d66bd194754679adb26aede559bcccbc"
            ],
            "index": "pypi",
            "version": "==2.0.1"
        }
    },
    "develop": {}
}
